{
  "version": 4,
  "terraform_version": "1.9.7",
  "serial": 50,
  "lineage": "6bc4935d-0e7d-a09d-cf4a-9dd68d251ad5",
  "outputs": {},
  "resources": [
    {
      "mode": "managed",
      "type": "azurerm_log_analytics_workspace",
      "name": "compliance_law",
      "provider": "provider[\"registry.terraform.io/hashicorp/azurerm\"]",
      "instances": [
        {
          "schema_version": 2,
          "attributes": {
            "daily_quota_gb": -1,
            "id": "/subscriptions/e21901bf-488a-4ded-b169-b694737e4c86/resourceGroups/compliance-rg/providers/Microsoft.OperationalInsights/workspaces/compliancelog",
            "internet_ingestion_enabled": true,
            "internet_query_enabled": true,
            "location": "eastus",
            "name": "compliancelog",
            "portal_url": "",
            "primary_shared_key": "fEjfseEgN63+EL8LHmltq2BQJwAZZ36wbrZTEHV8pHRAoH+yTyny8rb/66zGKFsDN1T29QWo2UMBb3nqbEcmPA==",
            "reservation_capacity_in_gb_per_day": null,
            "reservation_capcity_in_gb_per_day": null,
            "resource_group_name": "compliance-rg",
            "retention_in_days": 30,
            "secondary_shared_key": "PSCK0Doyk8KyF7IXUv9BCm2O4mwpTWX1LP1V6NVUMyuc+xHHOYc0cNu6y2dDYYUGPNZfMy5kNtcDoWI/lSkuUg==",
            "sku": "PerGB2018",
            "tags": {},
            "timeouts": null,
            "workspace_id": "3007a404-2f37-4869-807b-1958ab7b337f"
          },
          "sensitive_attributes": [
            [
              {
                "type": "get_attr",
                "value": "secondary_shared_key"
              }
            ],
            [
              {
                "type": "get_attr",
                "value": "primary_shared_key"
              }
            ]
          ],
          "private": "eyJlMmJmYjczMC1lY2FhLTExZTYtOGY4OC0zNDM2M2JjN2M0YzAiOnsiY3JlYXRlIjoxODAwMDAwMDAwMDAwLCJkZWxldGUiOjE4MDAwMDAwMDAwMDAsInJlYWQiOjMwMDAwMDAwMDAwMCwidXBkYXRlIjoxODAwMDAwMDAwMDAwfSwic2NoZW1hX3ZlcnNpb24iOiIyIn0=",
          "dependencies": [
            "azurerm_resource_group.compliance_rg"
          ]
        }
      ]
    },
    {
      "mode": "managed",
      "type": "azurerm_policy_assignment",
      "name": "assign_compliance_policy",
      "provider": "provider[\"registry.terraform.io/hashicorp/azurerm\"]",
      "instances": [
        {
          "schema_version": 0,
          "attributes": {
            "description": "",
            "display_name": "",
            "enforcement_mode": true,
            "id": "/subscriptions/e21901bf-488a-4ded-b169-b694737e4c86/resourceGroups/compliance-rg/providers/Microsoft.Authorization/policyAssignments/compliance",
            "identity": [],
            "location": "",
            "metadata": "{\"createdBy\":\"0f285609-3efe-4280-a3a0-d975d0edefaa\",\"createdOn\":\"2024-12-25T17:09:52.4977408Z\",\"updatedBy\":null,\"updatedOn\":null}",
            "name": "compliance",
            "not_scopes": null,
            "parameters": "",
            "policy_definition_id": "/subscriptions/e21901bf-488a-4ded-b169-b694737e4c86/providers/Microsoft.Authorization/policyDefinitions/compliance",
            "scope": "/subscriptions/e21901bf-488a-4ded-b169-b694737e4c86/resourceGroups/compliance-rg",
            "timeouts": null
          },
          "sensitive_attributes": [],
          "private": "eyJlMmJmYjczMC1lY2FhLTExZTYtOGY4OC0zNDM2M2JjN2M0YzAiOnsiY3JlYXRlIjoxODAwMDAwMDAwMDAwLCJkZWxldGUiOjE4MDAwMDAwMDAwMDAsInJlYWQiOjMwMDAwMDAwMDAwMCwidXBkYXRlIjoxODAwMDAwMDAwMDAwfX0=",
          "dependencies": [
            "azurerm_policy_definition.compliance_policy",
            "azurerm_resource_group.compliance_rg"
          ]
        }
      ]
    },
    {
      "mode": "managed",
      "type": "azurerm_policy_definition",
      "name": "compliance_policy",
      "provider": "provider[\"registry.terraform.io/hashicorp/azurerm\"]",
      "instances": [
        {
          "schema_version": 0,
          "attributes": {
            "description": "Ensures that all resources have specific tags.",
            "display_name": "compliance",
            "id": "/subscriptions/e21901bf-488a-4ded-b169-b694737e4c86/providers/Microsoft.Authorization/policyDefinitions/compliance",
            "management_group_id": "",
            "management_group_name": "",
            "metadata": "{\"category\":\"Compliance\",\"createdBy\":\"0f285609-3efe-4280-a3a0-d975d0edefaa\",\"createdOn\":\"2024-12-25T17:08:18.3823001Z\",\"updatedBy\":null,\"updatedOn\":null}",
            "mode": "All",
            "name": "compliance",
            "parameters": "",
            "policy_rule": "{\"if\":{\"exists\":false,\"field\":\"tags\"},\"then\":{\"effect\":\"deny\"}}",
            "policy_type": "Custom",
            "timeouts": null
          },
          "sensitive_attributes": [],
          "private": "eyJlMmJmYjczMC1lY2FhLTExZTYtOGY4OC0zNDM2M2JjN2M0YzAiOnsiY3JlYXRlIjoxODAwMDAwMDAwMDAwLCJkZWxldGUiOjE4MDAwMDAwMDAwMDAsInJlYWQiOjMwMDAwMDAwMDAwMCwidXBkYXRlIjoxODAwMDAwMDAwMDAwfX0="
        }
      ]
    },
    {
      "mode": "managed",
      "type": "azurerm_resource_group",
      "name": "compliance_rg",
      "provider": "provider[\"registry.terraform.io/hashicorp/azurerm\"]",
      "instances": [
        {
          "schema_version": 0,
          "attributes": {
            "id": "/subscriptions/e21901bf-488a-4ded-b169-b694737e4c86/resourceGroups/compliance-rg",
            "location": "eastus",
            "name": "compliance-rg",
            "tags": {},
            "timeouts": null
          },
          "sensitive_attributes": [],
          "private": "eyJlMmJmYjczMC1lY2FhLTExZTYtOGY4OC0zNDM2M2JjN2M0YzAiOnsiY3JlYXRlIjo1NDAwMDAwMDAwMDAwLCJkZWxldGUiOjU0MDAwMDAwMDAwMDAsInJlYWQiOjMwMDAwMDAwMDAwMCwidXBkYXRlIjo1NDAwMDAwMDAwMDAwfX0="
        }
      ]
    }
  ],
  "check_results": null
}
